
Microsoft Visual Studio Solution File, Format Version 12.00
# Visual Studio Version 17
VisualStudioVersion = 17.9.34714.143
MinimumVisualStudioVersion = 10.0.40219.1
Project("{FAE04EC0-301F-11D3-BF4B-00C04F79EFBC}") = "SportRent", "SportRent.csproj", "{08EF6064-C732-4E23-A9CF-8202508E1163}"
EndProject
Global
	GlobalSection(SolutionConfigurationPlatforms) = preSolution
		Debug|Any CPU = Debug|Any CPU
		Release|Any CPU = Release|Any CPU
	EndGlobalSection
	GlobalSection(ProjectConfigurationPlatforms) = postSolution
		{08EF6064-C732-4E23-A9CF-8202508E1163}.Debug|Any CPU.ActiveCfg = Debug|Any CPU
		{08EF6064-C732-4E23-A9CF-8202508E1163}.Debug|Any CPU.Build.0 = Debug|Any CPU
		{08EF6064-C732-4E23-A9CF-8202508E1163}.Release|Any CPU.ActiveCfg = Release|Any CPU
		{08EF6064-C732-4E23-A9CF-8202508E1163}.Release|Any CPU.Build.0 = Release|Any CPU
	EndGlobalSection
	GlobalSection(SolutionProperties) = preSolution
		HideSolutionNode = FALSE
	EndGlobalSection
	GlobalSection(ExtensibilityGlobals) = postSolution
		SolutionGuid = {5AC27C69-2A31-43C4-BB6A-7D19712C165C}
	EndGlobalSection
EndGlobal
